
Microsoft Visual Studio Solution File, Format Version 12.00
# Visual Studio 15
VisualStudioVersion = 15.0.27130.2010
MinimumVisualStudioVersion = 10.0.40219.1
Project("{9A19103F-16F7-4668-BE54-9A1E7A4F7556}") = "Plugin.HttpTransferTasks", "Plugin.HttpTransferTasks\Plugin.HttpTransferTasks.csproj", "{DA481A2A-2AD7-4FA7-BFB0-E54E4F0E453B}"
EndProject
Project("{2150E333-8FDC-42A3-9474-1A3956D46DE8}") = "Solution Items", "Solution Items", "{BAF0DBEB-F4F1-4C8D-94E4-54D53CF0C682}"
	ProjectSection(SolutionItems) = preProject
		ISSUE_TEMPLATE = ISSUE_TEMPLATE
		LICENSE.md = LICENSE.md
		nuget.exe = nuget.exe
		push.cmd = push.cmd
		readme.md = readme.md
	EndProjectSection
EndProject
Project("{FAE04EC0-301F-11D3-BF4B-00C04F79EFBC}") = "Sample.Android", "Sample\Sample.Android\Sample.Android.csproj", "{9E22F907-D14A-410B-B83D-D72C5FFFF986}"
EndProject
Project("{9A19103F-16F7-4668-BE54-9A1E7A4F7556}") = "Sample", "Sample\Sample\Sample.csproj", "{6A3D687F-5E31-4A8F-932A-73B8754F7E51}"
EndProject
Project("{FAE04EC0-301F-11D3-BF4B-00C04F79EFBC}") = "Sample.UWP", "Sample\Sample.UWP\Sample.UWP.csproj", "{FA9EEC45-DF98-4C3C-80AE-9EC7D9C40A06}"
EndProject
Project("{FAE04EC0-301F-11D3-BF4B-00C04F79EFBC}") = "Sample.iOS", "Sample\Sample.iOS\Sample.iOS.csproj", "{019BA7FB-C5AB-44EC-8EED-99C37CA2B8BB}"
EndProject
Project("{2150E333-8FDC-42A3-9474-1A3956D46DE8}") = "lib", "lib", "{134068EF-4129-4774-A5F8-DF6866DFE09D}"
EndProject
Project("{9A19103F-16F7-4668-BE54-9A1E7A4F7556}") = "Plugin.HttpTransferTasks.Rx", "Plugin.HttpTransferTasks.Rx\Plugin.HttpTransferTasks.Rx.csproj", "{254E0823-C54F-4D93-8F4B-0B3BBAC09649}"
EndProject
Global
	GlobalSection(SharedMSBuildProjectFiles) = preSolution
		Plugin.HttpTransferTasks.Shared\Plugin.HttpTransferTasks.Shared.projitems*{da481a2a-2ad7-4fa7-bfb0-e54e4f0e453b}*SharedItemsImports = 4
	EndGlobalSection
	GlobalSection(SolutionConfigurationPlatforms) = preSolution
		Ad-Hoc|Any CPU = Ad-Hoc|Any CPU
		Ad-Hoc|ARM = Ad-Hoc|ARM
		Ad-Hoc|iPhone = Ad-Hoc|iPhone
		Ad-Hoc|iPhoneSimulator = Ad-Hoc|iPhoneSimulator
		Ad-Hoc|x64 = Ad-Hoc|x64
		Ad-Hoc|x86 = Ad-Hoc|x86
		AppStore|Any CPU = AppStore|Any CPU
		AppStore|ARM = AppStore|ARM
		AppStore|iPhone = AppStore|iPhone
		AppStore|iPhoneSimulator = AppStore|iPhoneSimulator
		AppStore|x64 = AppStore|x64
		AppStore|x86 = AppStore|x86
		Debug|Any CPU = Debug|Any CPU
		Debug|ARM = Debug|ARM
		Debug|iPhone = Debug|iPhone
		Debug|iPhoneSimulator = Debug|iPhoneSimulator
		Debug|x64 = Debug|x64
		Debug|x86 = Debug|x86
		Release|Any CPU = Release|Any CPU
		Release|ARM = Release|ARM
		Release|iPhone = Release|iPhone
		Release|iPhoneSimulator = Release|iPhoneSimulator
		Release|x64 = Release|x64
		Release|x86 = Release|x86
	EndGlobalSection
	GlobalSection(ProjectConfigurationPlatforms) = postSolution
		{DA481A2A-2AD7-4FA7-BFB0-E54E4F0E453B}.Ad-Hoc|Any CPU.ActiveCfg = Release|Any CPU
		{DA481A2A-2AD7-4FA7-BFB0-E54E4F0E453B}.Ad-Hoc|Any CPU.Build.0 = Release|Any CPU
		{DA481A2A-2AD7-4FA7-BFB0-E54E4F0E453B}.Ad-Hoc|ARM.ActiveCfg = Release|Any CPU
		{DA481A2A-2AD7-4FA7-BFB0-E54E4F0E453B}.Ad-Hoc|ARM.Build.0 = Release|Any CPU
		{DA481A2A-2AD7-4FA7-BFB0-E54E4F0E453B}.Ad-Hoc|iPhone.ActiveCfg = Release|Any CPU
		{DA481A2A-2AD7-4FA7-BFB0-E54E4F0E453B}.Ad-Hoc|iPhone.Build.0 = Release|Any CPU
		{DA481A2A-2AD7-4FA7-BFB0-E54E4F0E453B}.Ad-Hoc|iPhoneSimulator.ActiveCfg = Release|Any CPU
		{DA481A2A-2AD7-4FA7-BFB0-E54E4F0E453B}.Ad-Hoc|iPhoneSimulator.Build.0 = Release|Any CPU
		{DA481A2A-2AD7-4FA7-BFB0-E54E4F0E453B}.Ad-Hoc|x64.ActiveCfg = Release|Any CPU
		{DA481A2A-2AD7-4FA7-BFB0-E54E4F0E453B}.Ad-Hoc|x64.Build.0 = Release|Any CPU
		{DA481A2A-2AD7-4FA7-BFB0-E54E4F0E453B}.Ad-Hoc|x86.ActiveCfg = Release|Any CPU
		{DA481A2A-2AD7-4FA7-BFB0-E54E4F0E453B}.Ad-Hoc|x86.Build.0 = Release|Any CPU
		{DA481A2A-2AD7-4FA7-BFB0-E54E4F0E453B}.AppStore|Any CPU.ActiveCfg = Release|Any CPU
		{DA481A2A-2AD7-4FA7-BFB0-E54E4F0E453B}.AppStore|Any CPU.Build.0 = Release|Any CPU
		{DA481A2A-2AD7-4FA7-BFB0-E54E4F0E453B}.AppStore|ARM.ActiveCfg = Release|Any CPU
		{DA481A2A-2AD7-4FA7-BFB0-E54E4F0E453B}.AppStore|ARM.Build.0 = Release|Any CPU
		{DA481A2A-2AD7-4FA7-BFB0-E54E4F0E453B}.AppStore|iPhone.ActiveCfg = Release|Any CPU
		{DA481A2A-2AD7-4FA7-BFB0-E54E4F0E453B}.AppStore|iPhone.Build.0 = Release|Any CPU
		{DA481A2A-2AD7-4FA7-BFB0-E54E4F0E453B}.AppStore|iPhoneSimulator.ActiveCfg = Release|Any CPU
		{DA481A2A-2AD7-4FA7-BFB0-E54E4F0E453B}.AppStore|iPhoneSimulator.Build.0 = Release|Any CPU
		{DA481A2A-2AD7-4FA7-BFB0-E54E4F0E453B}.AppStore|x64.ActiveCfg = Release|Any CPU
		{DA481A2A-2AD7-4FA7-BFB0-E54E4F0E453B}.AppStore|x64.Build.0 = Release|Any CPU
		{DA481A2A-2AD7-4FA7-BFB0-E54E4F0E453B}.AppStore|x86.ActiveCfg = Release|Any CPU
		{DA481A2A-2AD7-4FA7-BFB0-E54E4F0E453B}.AppStore|x86.Build.0 = Release|Any CPU
		{DA481A2A-2AD7-4FA7-BFB0-E54E4F0E453B}.Debug|Any CPU.ActiveCfg = Debug|Any CPU
		{DA481A2A-2AD7-4FA7-BFB0-E54E4F0E453B}.Debug|Any CPU.Build.0 = Debug|Any CPU
		{DA481A2A-2AD7-4FA7-BFB0-E54E4F0E453B}.Debug|ARM.ActiveCfg = Debug|Any CPU
		{DA481A2A-2AD7-4FA7-BFB0-E54E4F0E453B}.Debug|ARM.Build.0 = Debug|Any CPU
		{DA481A2A-2AD7-4FA7-BFB0-E54E4F0E453B}.Debug|iPhone.ActiveCfg = Debug|Any CPU
		{DA481A2A-2AD7-4FA7-BFB0-E54E4F0E453B}.Debug|iPhone.Build.0 = Debug|Any CPU
		{DA481A2A-2AD7-4FA7-BFB0-E54E4F0E453B}.Debug|iPhoneSimulator.ActiveCfg = Debug|Any CPU
		{DA481A2A-2AD7-4FA7-BFB0-E54E4F0E453B}.Debug|iPhoneSimulator.Build.0 = Debug|Any CPU
		{DA481A2A-2AD7-4FA7-BFB0-E54E4F0E453B}.Debug|x64.ActiveCfg = Debug|Any CPU
		{DA481A2A-2AD7-4FA7-BFB0-E54E4F0E453B}.Debug|x64.Build.0 = Debug|Any CPU
		{DA481A2A-2AD7-4FA7-BFB0-E54E4F0E453B}.Debug|x86.ActiveCfg = Debug|Any CPU
		{DA481A2A-2AD7-4FA7-BFB0-E54E4F0E453B}.Debug|x86.Build.0 = Debug|Any CPU
		{DA481A2A-2AD7-4FA7-BFB0-E54E4F0E453B}.Release|Any CPU.ActiveCfg = Release|Any CPU
		{DA481A2A-2AD7-4FA7-BFB0-E54E4F0E453B}.Release|Any CPU.Build.0 = Release|Any CPU
		{DA481A2A-2AD7-4FA7-BFB0-E54E4F0E453B}.Release|ARM.ActiveCfg = Release|Any CPU
		{DA481A2A-2AD7-4FA7-BFB0-E54E4F0E453B}.Release|ARM.Build.0 = Release|Any CPU
		{DA481A2A-2AD7-4FA7-BFB0-E54E4F0E453B}.Release|iPhone.ActiveCfg = Release|Any CPU
		{DA481A2A-2AD7-4FA7-BFB0-E54E4F0E453B}.Release|iPhone.Build.0 = Release|Any CPU
		{DA481A2A-2AD7-4FA7-BFB0-E54E4F0E453B}.Release|iPhoneSimulator.ActiveCfg = Release|Any CPU
		{DA481A2A-2AD7-4FA7-BFB0-E54E4F0E453B}.Release|iPhoneSimulator.Build.0 = Release|Any CPU
		{DA481A2A-2AD7-4FA7-BFB0-E54E4F0E453B}.Release|x64.ActiveCfg = Release|Any CPU
		{DA481A2A-2AD7-4FA7-BFB0-E54E4F0E453B}.Release|x64.Build.0 = Release|Any CPU
		{DA481A2A-2AD7-4FA7-BFB0-E54E4F0E453B}.Release|x86.ActiveCfg = Release|Any CPU
		{DA481A2A-2AD7-4FA7-BFB0-E54E4F0E453B}.Release|x86.Build.0 = Release|Any CPU
		{9E22F907-D14A-410B-B83D-D72C5FFFF986}.Ad-Hoc|Any CPU.ActiveCfg = Release|Any CPU
		{9E22F907-D14A-410B-B83D-D72C5FFFF986}.Ad-Hoc|Any CPU.Build.0 = Release|Any CPU
		{9E22F907-D14A-410B-B83D-D72C5FFFF986}.Ad-Hoc|Any CPU.Deploy.0 = Release|Any CPU
		{9E22F907-D14A-410B-B83D-D72C5FFFF986}.Ad-Hoc|ARM.ActiveCfg = Release|Any CPU
		{9E22F907-D14A-410B-B83D-D72C5FFFF986}.Ad-Hoc|ARM.Build.0 = Release|Any CPU
		{9E22F907-D14A-410B-B83D-D72C5FFFF986}.Ad-Hoc|ARM.Deploy.0 = Release|Any CPU
		{9E22F907-D14A-410B-B83D-D72C5FFFF986}.Ad-Hoc|iPhone.ActiveCfg = Release|Any CPU
		{9E22F907-D14A-410B-B83D-D72C5FFFF986}.Ad-Hoc|iPhone.Build.0 = Release|Any CPU
		{9E22F907-D14A-410B-B83D-D72C5FFFF986}.Ad-Hoc|iPhone.Deploy.0 = Release|Any CPU
		{9E22F907-D14A-410B-B83D-D72C5FFFF986}.Ad-Hoc|iPhoneSimulator.ActiveCfg = Release|Any CPU
		{9E22F907-D14A-410B-B83D-D72C5FFFF986}.Ad-Hoc|iPhoneSimulator.Build.0 = Release|Any CPU
		{9E22F907-D14A-410B-B83D-D72C5FFFF986}.Ad-Hoc|iPhoneSimulator.Deploy.0 = Release|Any CPU
		{9E22F907-D14A-410B-B83D-D72C5FFFF986}.Ad-Hoc|x64.ActiveCfg = Release|Any CPU
		{9E22F907-D14A-410B-B83D-D72C5FFFF986}.Ad-Hoc|x64.Build.0 = Release|Any CPU
		{9E22F907-D14A-410B-B83D-D72C5FFFF986}.Ad-Hoc|x64.Deploy.0 = Release|Any CPU
		{9E22F907-D14A-410B-B83D-D72C5FFFF986}.Ad-Hoc|x86.ActiveCfg = Release|Any CPU
		{9E22F907-D14A-410B-B83D-D72C5FFFF986}.Ad-Hoc|x86.Build.0 = Release|Any CPU
		{9E22F907-D14A-410B-B83D-D72C5FFFF986}.Ad-Hoc|x86.Deploy.0 = Release|Any CPU
		{9E22F907-D14A-410B-B83D-D72C5FFFF986}.AppStore|Any CPU.ActiveCfg = Release|Any CPU
		{9E22F907-D14A-410B-B83D-D72C5FFFF986}.AppStore|Any CPU.Build.0 = Release|Any CPU
		{9E22F907-D14A-410B-B83D-D72C5FFFF986}.AppStore|Any CPU.Deploy.0 = Release|Any CPU
		{9E22F907-D14A-410B-B83D-D72C5FFFF986}.AppStore|ARM.ActiveCfg = Release|Any CPU
		{9E22F907-D14A-410B-B83D-D72C5FFFF986}.AppStore|ARM.Build.0 = Release|Any CPU
		{9E22F907-D14A-410B-B83D-D72C5FFFF986}.AppStore|ARM.Deploy.0 = Release|Any CPU
		{9E22F907-D14A-410B-B83D-D72C5FFFF986}.AppStore|iPhone.ActiveCfg = Release|Any CPU
		{9E22F907-D14A-410B-B83D-D72C5FFFF986}.AppStore|iPhone.Build.0 = Release|Any CPU
		{9E22F907-D14A-410B-B83D-D72C5FFFF986}.AppStore|iPhone.Deploy.0 = Release|Any CPU
		{9E22F907-D14A-410B-B83D-D72C5FFFF986}.AppStore|iPhoneSimulator.ActiveCfg = Release|Any CPU
		{9E22F907-D14A-410B-B83D-D72C5FFFF986}.AppStore|iPhoneSimulator.Build.0 = Release|Any CPU
		{9E22F907-D14A-410B-B83D-D72C5FFFF986}.AppStore|iPhoneSimulator.Deploy.0 = Release|Any CPU
		{9E22F907-D14A-410B-B83D-D72C5FFFF986}.AppStore|x64.ActiveCfg = Release|Any CPU
		{9E22F907-D14A-410B-B83D-D72C5FFFF986}.AppStore|x64.Build.0 = Release|Any CPU
		{9E22F907-D14A-410B-B83D-D72C5FFFF986}.AppStore|x64.Deploy.0 = Release|Any CPU
		{9E22F907-D14A-410B-B83D-D72C5FFFF986}.AppStore|x86.ActiveCfg = Release|Any CPU
		{9E22F907-D14A-410B-B83D-D72C5FFFF986}.AppStore|x86.Build.0 = Release|Any CPU
		{9E22F907-D14A-410B-B83D-D72C5FFFF986}.AppStore|x86.Deploy.0 = Release|Any CPU
		{9E22F907-D14A-410B-B83D-D72C5FFFF986}.Debug|Any CPU.ActiveCfg = Debug|Any CPU
		{9E22F907-D14A-410B-B83D-D72C5FFFF986}.Debug|Any CPU.Build.0 = Debug|Any CPU
		{9E22F907-D14A-410B-B83D-D72C5FFFF986}.Debug|Any CPU.Deploy.0 = Debug|Any CPU
		{9E22F907-D14A-410B-B83D-D72C5FFFF986}.Debug|ARM.ActiveCfg = Debug|Any CPU
		{9E22F907-D14A-410B-B83D-D72C5FFFF986}.Debug|ARM.Build.0 = Debug|Any CPU
		{9E22F907-D14A-410B-B83D-D72C5FFFF986}.Debug|ARM.Deploy.0 = Debug|Any CPU
		{9E22F907-D14A-410B-B83D-D72C5FFFF986}.Debug|iPhone.ActiveCfg = Debug|Any CPU
		{9E22F907-D14A-410B-B83D-D72C5FFFF986}.Debug|iPhone.Build.0 = Debug|Any CPU
		{9E22F907-D14A-410B-B83D-D72C5FFFF986}.Debug|iPhone.Deploy.0 = Debug|Any CPU
		{9E22F907-D14A-410B-B83D-D72C5FFFF986}.Debug|iPhoneSimulator.ActiveCfg = Debug|Any CPU
		{9E22F907-D14A-410B-B83D-D72C5FFFF986}.Debug|iPhoneSimulator.Build.0 = Debug|Any CPU
		{9E22F907-D14A-410B-B83D-D72C5FFFF986}.Debug|iPhoneSimulator.Deploy.0 = Debug|Any CPU
		{9E22F907-D14A-410B-B83D-D72C5FFFF986}.Debug|x64.ActiveCfg = Debug|Any CPU
		{9E22F907-D14A-410B-B83D-D72C5FFFF986}.Debug|x64.Build.0 = Debug|Any CPU
		{9E22F907-D14A-410B-B83D-D72C5FFFF986}.Debug|x64.Deploy.0 = Debug|Any CPU
		{9E22F907-D14A-410B-B83D-D72C5FFFF986}.Debug|x86.ActiveCfg = Debug|Any CPU
		{9E22F907-D14A-410B-B83D-D72C5FFFF986}.Debug|x86.Build.0 = Debug|Any CPU
		{9E22F907-D14A-410B-B83D-D72C5FFFF986}.Debug|x86.Deploy.0 = Debug|Any CPU
		{9E22F907-D14A-410B-B83D-D72C5FFFF986}.Release|Any CPU.ActiveCfg = Release|Any CPU
		{9E22F907-D14A-410B-B83D-D72C5FFFF986}.Release|Any CPU.Build.0 = Release|Any CPU
		{9E22F907-D14A-410B-B83D-D72C5FFFF986}.Release|Any CPU.Deploy.0 = Release|Any CPU
		{9E22F907-D14A-410B-B83D-D72C5FFFF986}.Release|ARM.ActiveCfg = Release|Any CPU
		{9E22F907-D14A-410B-B83D-D72C5FFFF986}.Release|ARM.Build.0 = Release|Any CPU
		{9E22F907-D14A-410B-B83D-D72C5FFFF986}.Release|ARM.Deploy.0 = Release|Any CPU
		{9E22F907-D14A-410B-B83D-D72C5FFFF986}.Release|iPhone.ActiveCfg = Release|Any CPU
		{9E22F907-D14A-410B-B83D-D72C5FFFF986}.Release|iPhone.Build.0 = Release|Any CPU
		{9E22F907-D14A-410B-B83D-D72C5FFFF986}.Release|iPhone.Deploy.0 = Release|Any CPU
		{9E22F907-D14A-410B-B83D-D72C5FFFF986}.Release|iPhoneSimulator.ActiveCfg = Release|Any CPU
		{9E22F907-D14A-410B-B83D-D72C5FFFF986}.Release|iPhoneSimulator.Build.0 = Release|Any CPU
		{9E22F907-D14A-410B-B83D-D72C5FFFF986}.Release|iPhoneSimulator.Deploy.0 = Release|Any CPU
		{9E22F907-D14A-410B-B83D-D72C5FFFF986}.Release|x64.ActiveCfg = Release|Any CPU
		{9E22F907-D14A-410B-B83D-D72C5FFFF986}.Release|x64.Build.0 = Release|Any CPU
		{9E22F907-D14A-410B-B83D-D72C5FFFF986}.Release|x64.Deploy.0 = Release|Any CPU
		{9E22F907-D14A-410B-B83D-D72C5FFFF986}.Release|x86.ActiveCfg = Release|Any CPU
		{9E22F907-D14A-410B-B83D-D72C5FFFF986}.Release|x86.Build.0 = Release|Any CPU
		{9E22F907-D14A-410B-B83D-D72C5FFFF986}.Release|x86.Deploy.0 = Release|Any CPU
		{6A3D687F-5E31-4A8F-932A-73B8754F7E51}.Ad-Hoc|Any CPU.ActiveCfg = Release|Any CPU
		{6A3D687F-5E31-4A8F-932A-73B8754F7E51}.Ad-Hoc|Any CPU.Build.0 = Release|Any CPU
		{6A3D687F-5E31-4A8F-932A-73B8754F7E51}.Ad-Hoc|ARM.ActiveCfg = Release|Any CPU
		{6A3D687F-5E31-4A8F-932A-73B8754F7E51}.Ad-Hoc|ARM.Build.0 = Release|Any CPU
		{6A3D687F-5E31-4A8F-932A-73B8754F7E51}.Ad-Hoc|iPhone.ActiveCfg = Release|Any CPU
		{6A3D687F-5E31-4A8F-932A-73B8754F7E51}.Ad-Hoc|iPhone.Build.0 = Release|Any CPU
		{6A3D687F-5E31-4A8F-932A-73B8754F7E51}.Ad-Hoc|iPhoneSimulator.ActiveCfg = Release|Any CPU
		{6A3D687F-5E31-4A8F-932A-73B8754F7E51}.Ad-Hoc|iPhoneSimulator.Build.0 = Release|Any CPU
		{6A3D687F-5E31-4A8F-932A-73B8754F7E51}.Ad-Hoc|x64.ActiveCfg = Release|Any CPU
		{6A3D687F-5E31-4A8F-932A-73B8754F7E51}.Ad-Hoc|x64.Build.0 = Release|Any CPU
		{6A3D687F-5E31-4A8F-932A-73B8754F7E51}.Ad-Hoc|x86.ActiveCfg = Release|Any CPU
		{6A3D687F-5E31-4A8F-932A-73B8754F7E51}.Ad-Hoc|x86.Build.0 = Release|Any CPU
		{6A3D687F-5E31-4A8F-932A-73B8754F7E51}.AppStore|Any CPU.ActiveCfg = Release|Any CPU
		{6A3D687F-5E31-4A8F-932A-73B8754F7E51}.AppStore|Any CPU.Build.0 = Release|Any CPU
		{6A3D687F-5E31-4A8F-932A-73B8754F7E51}.AppStore|ARM.ActiveCfg = Release|Any CPU
		{6A3D687F-5E31-4A8F-932A-73B8754F7E51}.AppStore|ARM.Build.0 = Release|Any CPU
		{6A3D687F-5E31-4A8F-932A-73B8754F7E51}.AppStore|iPhone.ActiveCfg = Release|Any CPU
		{6A3D687F-5E31-4A8F-932A-73B8754F7E51}.AppStore|iPhone.Build.0 = Release|Any CPU
		{6A3D687F-5E31-4A8F-932A-73B8754F7E51}.AppStore|iPhoneSimulator.ActiveCfg = Release|Any CPU
		{6A3D687F-5E31-4A8F-932A-73B8754F7E51}.AppStore|iPhoneSimulator.Build.0 = Release|Any CPU
		{6A3D687F-5E31-4A8F-932A-73B8754F7E51}.AppStore|x64.ActiveCfg = Release|Any CPU
		{6A3D687F-5E31-4A8F-932A-73B8754F7E51}.AppStore|x64.Build.0 = Release|Any CPU
		{6A3D687F-5E31-4A8F-932A-73B8754F7E51}.AppStore|x86.ActiveCfg = Release|Any CPU
		{6A3D687F-5E31-4A8F-932A-73B8754F7E51}.AppStore|x86.Build.0 = Release|Any CPU
		{6A3D687F-5E31-4A8F-932A-73B8754F7E51}.Debug|Any CPU.ActiveCfg = Debug|Any CPU
		{6A3D687F-5E31-4A8F-932A-73B8754F7E51}.Debug|Any CPU.Build.0 = Debug|Any CPU
		{6A3D687F-5E31-4A8F-932A-73B8754F7E51}.Debug|ARM.ActiveCfg = Debug|Any CPU
		{6A3D687F-5E31-4A8F-932A-73B8754F7E51}.Debug|ARM.Build.0 = Debug|Any CPU
		{6A3D687F-5E31-4A8F-932A-73B8754F7E51}.Debug|iPhone.ActiveCfg = Debug|Any CPU
		{6A3D687F-5E31-4A8F-932A-73B8754F7E51}.Debug|iPhone.Build.0 = Debug|Any CPU
		{6A3D687F-5E31-4A8F-932A-73B8754F7E51}.Debug|iPhoneSimulator.ActiveCfg = Debug|Any CPU
		{6A3D687F-5E31-4A8F-932A-73B8754F7E51}.Debug|iPhoneSimulator.Build.0 = Debug|Any CPU
		{6A3D687F-5E31-4A8F-932A-73B8754F7E51}.Debug|x64.ActiveCfg = Debug|Any CPU
		{6A3D687F-5E31-4A8F-932A-73B8754F7E51}.Debug|x64.Build.0 = Debug|Any CPU
		{6A3D687F-5E31-4A8F-932A-73B8754F7E51}.Debug|x86.ActiveCfg = Debug|Any CPU
		{6A3D687F-5E31-4A8F-932A-73B8754F7E51}.Debug|x86.Build.0 = Debug|Any CPU
		{6A3D687F-5E31-4A8F-932A-73B8754F7E51}.Release|Any CPU.ActiveCfg = Release|Any CPU
		{6A3D687F-5E31-4A8F-932A-73B8754F7E51}.Release|Any CPU.Build.0 = Release|Any CPU
		{6A3D687F-5E31-4A8F-932A-73B8754F7E51}.Release|ARM.ActiveCfg = Release|Any CPU
		{6A3D687F-5E31-4A8F-932A-73B8754F7E51}.Release|ARM.Build.0 = Release|Any CPU
		{6A3D687F-5E31-4A8F-932A-73B8754F7E51}.Release|iPhone.ActiveCfg = Release|Any CPU
		{6A3D687F-5E31-4A8F-932A-73B8754F7E51}.Release|iPhone.Build.0 = Release|Any CPU
		{6A3D687F-5E31-4A8F-932A-73B8754F7E51}.Release|iPhoneSimulator.ActiveCfg = Release|Any CPU
		{6A3D687F-5E31-4A8F-932A-73B8754F7E51}.Release|iPhoneSimulator.Build.0 = Release|Any CPU
		{6A3D687F-5E31-4A8F-932A-73B8754F7E51}.Release|x64.ActiveCfg = Release|Any CPU
		{6A3D687F-5E31-4A8F-932A-73B8754F7E51}.Release|x64.Build.0 = Release|Any CPU
		{6A3D687F-5E31-4A8F-932A-73B8754F7E51}.Release|x86.ActiveCfg = Release|Any CPU
		{6A3D687F-5E31-4A8F-932A-73B8754F7E51}.Release|x86.Build.0 = Release|Any CPU
		{FA9EEC45-DF98-4C3C-80AE-9EC7D9C40A06}.Ad-Hoc|Any CPU.ActiveCfg = Release|x86
		{FA9EEC45-DF98-4C3C-80AE-9EC7D9C40A06}.Ad-Hoc|Any CPU.Build.0 = Release|x86
		{FA9EEC45-DF98-4C3C-80AE-9EC7D9C40A06}.Ad-Hoc|Any CPU.Deploy.0 = Release|x86
		{FA9EEC45-DF98-4C3C-80AE-9EC7D9C40A06}.Ad-Hoc|ARM.ActiveCfg = Release|ARM
		{FA9EEC45-DF98-4C3C-80AE-9EC7D9C40A06}.Ad-Hoc|ARM.Build.0 = Release|ARM
		{FA9EEC45-DF98-4C3C-80AE-9EC7D9C40A06}.Ad-Hoc|ARM.Deploy.0 = Release|ARM
		{FA9EEC45-DF98-4C3C-80AE-9EC7D9C40A06}.Ad-Hoc|iPhone.ActiveCfg = Release|x86
		{FA9EEC45-DF98-4C3C-80AE-9EC7D9C40A06}.Ad-Hoc|iPhone.Build.0 = Release|x86
		{FA9EEC45-DF98-4C3C-80AE-9EC7D9C40A06}.Ad-Hoc|iPhone.Deploy.0 = Release|x86
		{FA9EEC45-DF98-4C3C-80AE-9EC7D9C40A06}.Ad-Hoc|iPhoneSimulator.ActiveCfg = Release|x86
		{FA9EEC45-DF98-4C3C-80AE-9EC7D9C40A06}.Ad-Hoc|iPhoneSimulator.Build.0 = Release|x86
		{FA9EEC45-DF98-4C3C-80AE-9EC7D9C40A06}.Ad-Hoc|iPhoneSimulator.Deploy.0 = Release|x86
		{FA9EEC45-DF98-4C3C-80AE-9EC7D9C40A06}.Ad-Hoc|x64.ActiveCfg = Release|x64
		{FA9EEC45-DF98-4C3C-80AE-9EC7D9C40A06}.Ad-Hoc|x64.Build.0 = Release|x64
		{FA9EEC45-DF98-4C3C-80AE-9EC7D9C40A06}.Ad-Hoc|x64.Deploy.0 = Release|x64
		{FA9EEC45-DF98-4C3C-80AE-9EC7D9C40A06}.Ad-Hoc|x86.ActiveCfg = Release|x86
		{FA9EEC45-DF98-4C3C-80AE-9EC7D9C40A06}.Ad-Hoc|x86.Build.0 = Release|x86
		{FA9EEC45-DF98-4C3C-80AE-9EC7D9C40A06}.Ad-Hoc|x86.Deploy.0 = Release|x86
		{FA9EEC45-DF98-4C3C-80AE-9EC7D9C40A06}.AppStore|Any CPU.ActiveCfg = Release|x86
		{FA9EEC45-DF98-4C3C-80AE-9EC7D9C40A06}.AppStore|Any CPU.Build.0 = Release|x86
		{FA9EEC45-DF98-4C3C-80AE-9EC7D9C40A06}.AppStore|Any CPU.Deploy.0 = Release|x86
		{FA9EEC45-DF98-4C3C-80AE-9EC7D9C40A06}.AppStore|ARM.ActiveCfg = Release|ARM
		{FA9EEC45-DF98-4C3C-80AE-9EC7D9C40A06}.AppStore|ARM.Build.0 = Release|ARM
		{FA9EEC45-DF98-4C3C-80AE-9EC7D9C40A06}.AppStore|ARM.Deploy.0 = Release|ARM
		{FA9EEC45-DF98-4C3C-80AE-9EC7D9C40A06}.AppStore|iPhone.ActiveCfg = Release|x86
		{FA9EEC45-DF98-4C3C-80AE-9EC7D9C40A06}.AppStore|iPhone.Build.0 = Release|x86
		{FA9EEC45-DF98-4C3C-80AE-9EC7D9C40A06}.AppStore|iPhone.Deploy.0 = Release|x86
		{FA9EEC45-DF98-4C3C-80AE-9EC7D9C40A06}.AppStore|iPhoneSimulator.ActiveCfg = Release|x86
		{FA9EEC45-DF98-4C3C-80AE-9EC7D9C40A06}.AppStore|iPhoneSimulator.Build.0 = Release|x86
		{FA9EEC45-DF98-4C3C-80AE-9EC7D9C40A06}.AppStore|iPhoneSimulator.Deploy.0 = Release|x86
		{FA9EEC45-DF98-4C3C-80AE-9EC7D9C40A06}.AppStore|x64.ActiveCfg = Release|x64
		{FA9EEC45-DF98-4C3C-80AE-9EC7D9C40A06}.AppStore|x64.Build.0 = Release|x64
		{FA9EEC45-DF98-4C3C-80AE-9EC7D9C40A06}.AppStore|x64.Deploy.0 = Release|x64
		{FA9EEC45-DF98-4C3C-80AE-9EC7D9C40A06}.AppStore|x86.ActiveCfg = Release|x86
		{FA9EEC45-DF98-4C3C-80AE-9EC7D9C40A06}.AppStore|x86.Build.0 = Release|x86
		{FA9EEC45-DF98-4C3C-80AE-9EC7D9C40A06}.AppStore|x86.Deploy.0 = Release|x86
		{FA9EEC45-DF98-4C3C-80AE-9EC7D9C40A06}.Debug|Any CPU.ActiveCfg = Debug|x86
		{FA9EEC45-DF98-4C3C-80AE-9EC7D9C40A06}.Debug|Any CPU.Build.0 = Debug|x86
		{FA9EEC45-DF98-4C3C-80AE-9EC7D9C40A06}.Debug|Any CPU.Deploy.0 = Debug|x86
		{FA9EEC45-DF98-4C3C-80AE-9EC7D9C40A06}.Debug|ARM.ActiveCfg = Debug|ARM
		{FA9EEC45-DF98-4C3C-80AE-9EC7D9C40A06}.Debug|ARM.Build.0 = Debug|ARM
		{FA9EEC45-DF98-4C3C-80AE-9EC7D9C40A06}.Debug|ARM.Deploy.0 = Debug|ARM
		{FA9EEC45-DF98-4C3C-80AE-9EC7D9C40A06}.Debug|iPhone.ActiveCfg = Debug|x86
		{FA9EEC45-DF98-4C3C-80AE-9EC7D9C40A06}.Debug|iPhoneSimulator.ActiveCfg = Debug|x86
		{FA9EEC45-DF98-4C3C-80AE-9EC7D9C40A06}.Debug|x64.ActiveCfg = Debug|x64
		{FA9EEC45-DF98-4C3C-80AE-9EC7D9C40A06}.Debug|x64.Build.0 = Debug|x64
		{FA9EEC45-DF98-4C3C-80AE-9EC7D9C40A06}.Debug|x64.Deploy.0 = Debug|x64
		{FA9EEC45-DF98-4C3C-80AE-9EC7D9C40A06}.Debug|x86.ActiveCfg = Debug|x86
		{FA9EEC45-DF98-4C3C-80AE-9EC7D9C40A06}.Debug|x86.Build.0 = Debug|x86
		{FA9EEC45-DF98-4C3C-80AE-9EC7D9C40A06}.Debug|x86.Deploy.0 = Debug|x86
		{FA9EEC45-DF98-4C3C-80AE-9EC7D9C40A06}.Release|Any CPU.ActiveCfg = Release|x86
		{FA9EEC45-DF98-4C3C-80AE-9EC7D9C40A06}.Release|ARM.ActiveCfg = Release|ARM
		{FA9EEC45-DF98-4C3C-80AE-9EC7D9C40A06}.Release|ARM.Build.0 = Release|ARM
		{FA9EEC45-DF98-4C3C-80AE-9EC7D9C40A06}.Release|ARM.Deploy.0 = Release|ARM
		{FA9EEC45-DF98-4C3C-80AE-9EC7D9C40A06}.Release|iPhone.ActiveCfg = Release|x86
		{FA9EEC45-DF98-4C3C-80AE-9EC7D9C40A06}.Release|iPhoneSimulator.ActiveCfg = Release|x86
		{FA9EEC45-DF98-4C3C-80AE-9EC7D9C40A06}.Release|x64.ActiveCfg = Release|x64
		{FA9EEC45-DF98-4C3C-80AE-9EC7D9C40A06}.Release|x64.Build.0 = Release|x64
		{FA9EEC45-DF98-4C3C-80AE-9EC7D9C40A06}.Release|x64.Deploy.0 = Release|x64
		{FA9EEC45-DF98-4C3C-80AE-9EC7D9C40A06}.Release|x86.ActiveCfg = Release|x86
		{FA9EEC45-DF98-4C3C-80AE-9EC7D9C40A06}.Release|x86.Build.0 = Release|x86
		{FA9EEC45-DF98-4C3C-80AE-9EC7D9C40A06}.Release|x86.Deploy.0 = Release|x86
		{019BA7FB-C5AB-44EC-8EED-99C37CA2B8BB}.Ad-Hoc|Any CPU.ActiveCfg = Ad-Hoc|iPhone
		{019BA7FB-C5AB-44EC-8EED-99C37CA2B8BB}.Ad-Hoc|ARM.ActiveCfg = Ad-Hoc|iPhone
		{019BA7FB-C5AB-44EC-8EED-99C37CA2B8BB}.Ad-Hoc|iPhone.ActiveCfg = Ad-Hoc|iPhone
		{019BA7FB-C5AB-44EC-8EED-99C37CA2B8BB}.Ad-Hoc|iPhone.Build.0 = Ad-Hoc|iPhone
		{019BA7FB-C5AB-44EC-8EED-99C37CA2B8BB}.Ad-Hoc|iPhoneSimulator.ActiveCfg = Ad-Hoc|iPhoneSimulator
		{019BA7FB-C5AB-44EC-8EED-99C37CA2B8BB}.Ad-Hoc|iPhoneSimulator.Build.0 = Ad-Hoc|iPhoneSimulator
		{019BA7FB-C5AB-44EC-8EED-99C37CA2B8BB}.Ad-Hoc|x64.ActiveCfg = Ad-Hoc|iPhone
		{019BA7FB-C5AB-44EC-8EED-99C37CA2B8BB}.Ad-Hoc|x86.ActiveCfg = Ad-Hoc|iPhone
		{019BA7FB-C5AB-44EC-8EED-99C37CA2B8BB}.AppStore|Any CPU.ActiveCfg = AppStore|iPhone
		{019BA7FB-C5AB-44EC-8EED-99C37CA2B8BB}.AppStore|ARM.ActiveCfg = AppStore|iPhone
		{019BA7FB-C5AB-44EC-8EED-99C37CA2B8BB}.AppStore|iPhone.ActiveCfg = AppStore|iPhone
		{019BA7FB-C5AB-44EC-8EED-99C37CA2B8BB}.AppStore|iPhone.Build.0 = AppStore|iPhone
		{019BA7FB-C5AB-44EC-8EED-99C37CA2B8BB}.AppStore|iPhoneSimulator.ActiveCfg = AppStore|iPhoneSimulator
		{019BA7FB-C5AB-44EC-8EED-99C37CA2B8BB}.AppStore|iPhoneSimulator.Build.0 = AppStore|iPhoneSimulator
		{019BA7FB-C5AB-44EC-8EED-99C37CA2B8BB}.AppStore|x64.ActiveCfg = AppStore|iPhone
		{019BA7FB-C5AB-44EC-8EED-99C37CA2B8BB}.AppStore|x86.ActiveCfg = AppStore|iPhone
		{019BA7FB-C5AB-44EC-8EED-99C37CA2B8BB}.Debug|Any CPU.ActiveCfg = Debug|iPhone
		{019BA7FB-C5AB-44EC-8EED-99C37CA2B8BB}.Debug|Any CPU.Build.0 = Debug|iPhone
		{019BA7FB-C5AB-44EC-8EED-99C37CA2B8BB}.Debug|ARM.ActiveCfg = Debug|iPhone
		{019BA7FB-C5AB-44EC-8EED-99C37CA2B8BB}.Debug|iPhone.ActiveCfg = Debug|iPhone
		{019BA7FB-C5AB-44EC-8EED-99C37CA2B8BB}.Debug|iPhone.Build.0 = Debug|iPhone
		{019BA7FB-C5AB-44EC-8EED-99C37CA2B8BB}.Debug|iPhoneSimulator.ActiveCfg = Debug|iPhoneSimulator
		{019BA7FB-C5AB-44EC-8EED-99C37CA2B8BB}.Debug|iPhoneSimulator.Build.0 = Debug|iPhoneSimulator
		{019BA7FB-C5AB-44EC-8EED-99C37CA2B8BB}.Debug|x64.ActiveCfg = Debug|iPhone
		{019BA7FB-C5AB-44EC-8EED-99C37CA2B8BB}.Debug|x86.ActiveCfg = Debug|iPhone
		{019BA7FB-C5AB-44EC-8EED-99C37CA2B8BB}.Release|Any CPU.ActiveCfg = Release|iPhone
		{019BA7FB-C5AB-44EC-8EED-99C37CA2B8BB}.Release|ARM.ActiveCfg = Release|iPhone
		{019BA7FB-C5AB-44EC-8EED-99C37CA2B8BB}.Release|iPhone.ActiveCfg = Release|iPhone
		{019BA7FB-C5AB-44EC-8EED-99C37CA2B8BB}.Release|iPhone.Build.0 = Release|iPhone
		{019BA7FB-C5AB-44EC-8EED-99C37CA2B8BB}.Release|iPhoneSimulator.ActiveCfg = Release|iPhoneSimulator
		{019BA7FB-C5AB-44EC-8EED-99C37CA2B8BB}.Release|iPhoneSimulator.Build.0 = Release|iPhoneSimulator
		{019BA7FB-C5AB-44EC-8EED-99C37CA2B8BB}.Release|x64.ActiveCfg = Release|iPhone
		{019BA7FB-C5AB-44EC-8EED-99C37CA2B8BB}.Release|x86.ActiveCfg = Release|iPhone
		{254E0823-C54F-4D93-8F4B-0B3BBAC09649}.Ad-Hoc|Any CPU.ActiveCfg = Debug|Any CPU
		{254E0823-C54F-4D93-8F4B-0B3BBAC09649}.Ad-Hoc|Any CPU.Build.0 = Debug|Any CPU
		{254E0823-C54F-4D93-8F4B-0B3BBAC09649}.Ad-Hoc|ARM.ActiveCfg = Debug|Any CPU
		{254E0823-C54F-4D93-8F4B-0B3BBAC09649}.Ad-Hoc|ARM.Build.0 = Debug|Any CPU
		{254E0823-C54F-4D93-8F4B-0B3BBAC09649}.Ad-Hoc|iPhone.ActiveCfg = Debug|Any CPU
		{254E0823-C54F-4D93-8F4B-0B3BBAC09649}.Ad-Hoc|iPhone.Build.0 = Debug|Any CPU
		{254E0823-C54F-4D93-8F4B-0B3BBAC09649}.Ad-Hoc|iPhoneSimulator.ActiveCfg = Debug|Any CPU
		{254E0823-C54F-4D93-8F4B-0B3BBAC09649}.Ad-Hoc|iPhoneSimulator.Build.0 = Debug|Any CPU
		{254E0823-C54F-4D93-8F4B-0B3BBAC09649}.Ad-Hoc|x64.ActiveCfg = Debug|Any CPU
		{254E0823-C54F-4D93-8F4B-0B3BBAC09649}.Ad-Hoc|x64.Build.0 = Debug|Any CPU
		{254E0823-C54F-4D93-8F4B-0B3BBAC09649}.Ad-Hoc|x86.ActiveCfg = Debug|Any CPU
		{254E0823-C54F-4D93-8F4B-0B3BBAC09649}.Ad-Hoc|x86.Build.0 = Debug|Any CPU
		{254E0823-C54F-4D93-8F4B-0B3BBAC09649}.AppStore|Any CPU.ActiveCfg = Debug|Any CPU
		{254E0823-C54F-4D93-8F4B-0B3BBAC09649}.AppStore|Any CPU.Build.0 = Debug|Any CPU
		{254E0823-C54F-4D93-8F4B-0B3BBAC09649}.AppStore|ARM.ActiveCfg = Debug|Any CPU
		{254E0823-C54F-4D93-8F4B-0B3BBAC09649}.AppStore|ARM.Build.0 = Debug|Any CPU
		{254E0823-C54F-4D93-8F4B-0B3BBAC09649}.AppStore|iPhone.ActiveCfg = Debug|Any CPU
		{254E0823-C54F-4D93-8F4B-0B3BBAC09649}.AppStore|iPhone.Build.0 = Debug|Any CPU
		{254E0823-C54F-4D93-8F4B-0B3BBAC09649}.AppStore|iPhoneSimulator.ActiveCfg = Debug|Any CPU
		{254E0823-C54F-4D93-8F4B-0B3BBAC09649}.AppStore|iPhoneSimulator.Build.0 = Debug|Any CPU
		{254E0823-C54F-4D93-8F4B-0B3BBAC09649}.AppStore|x64.ActiveCfg = Debug|Any CPU
		{254E0823-C54F-4D93-8F4B-0B3BBAC09649}.AppStore|x64.Build.0 = Debug|Any CPU
		{254E0823-C54F-4D93-8F4B-0B3BBAC09649}.AppStore|x86.ActiveCfg = Debug|Any CPU
		{254E0823-C54F-4D93-8F4B-0B3BBAC09649}.AppStore|x86.Build.0 = Debug|Any CPU
		{254E0823-C54F-4D93-8F4B-0B3BBAC09649}.Debug|Any CPU.ActiveCfg = Debug|Any CPU
		{254E0823-C54F-4D93-8F4B-0B3BBAC09649}.Debug|Any CPU.Build.0 = Debug|Any CPU
		{254E0823-C54F-4D93-8F4B-0B3BBAC09649}.Debug|ARM.ActiveCfg = Debug|Any CPU
		{254E0823-C54F-4D93-8F4B-0B3BBAC09649}.Debug|ARM.Build.0 = Debug|Any CPU
		{254E0823-C54F-4D93-8F4B-0B3BBAC09649}.Debug|iPhone.ActiveCfg = Debug|Any CPU
		{254E0823-C54F-4D93-8F4B-0B3BBAC09649}.Debug|iPhone.Build.0 = Debug|Any CPU
		{254E0823-C54F-4D93-8F4B-0B3BBAC09649}.Debug|iPhoneSimulator.ActiveCfg = Debug|Any CPU
		{254E0823-C54F-4D93-8F4B-0B3BBAC09649}.Debug|iPhoneSimulator.Build.0 = Debug|Any CPU
		{254E0823-C54F-4D93-8F4B-0B3BBAC09649}.Debug|x64.ActiveCfg = Debug|Any CPU
		{254E0823-C54F-4D93-8F4B-0B3BBAC09649}.Debug|x64.Build.0 = Debug|Any CPU
		{254E0823-C54F-4D93-8F4B-0B3BBAC09649}.Debug|x86.ActiveCfg = Debug|Any CPU
		{254E0823-C54F-4D93-8F4B-0B3BBAC09649}.Debug|x86.Build.0 = Debug|Any CPU
		{254E0823-C54F-4D93-8F4B-0B3BBAC09649}.Release|Any CPU.ActiveCfg = Release|Any CPU
		{254E0823-C54F-4D93-8F4B-0B3BBAC09649}.Release|Any CPU.Build.0 = Release|Any CPU
		{254E0823-C54F-4D93-8F4B-0B3BBAC09649}.Release|ARM.ActiveCfg = Release|Any CPU
		{254E0823-C54F-4D93-8F4B-0B3BBAC09649}.Release|ARM.Build.0 = Release|Any CPU
		{254E0823-C54F-4D93-8F4B-0B3BBAC09649}.Release|iPhone.ActiveCfg = Release|Any CPU
		{254E0823-C54F-4D93-8F4B-0B3BBAC09649}.Release|iPhone.Build.0 = Release|Any CPU
		{254E0823-C54F-4D93-8F4B-0B3BBAC09649}.Release|iPhoneSimulator.ActiveCfg = Release|Any CPU
		{254E0823-C54F-4D93-8F4B-0B3BBAC09649}.Release|iPhoneSimulator.Build.0 = Release|Any CPU
		{254E0823-C54F-4D93-8F4B-0B3BBAC09649}.Release|x64.ActiveCfg = Release|Any CPU
		{254E0823-C54F-4D93-8F4B-0B3BBAC09649}.Release|x64.Build.0 = Release|Any CPU
		{254E0823-C54F-4D93-8F4B-0B3BBAC09649}.Release|x86.ActiveCfg = Release|Any CPU
		{254E0823-C54F-4D93-8F4B-0B3BBAC09649}.Release|x86.Build.0 = Release|Any CPU
	EndGlobalSection
	GlobalSection(SolutionProperties) = preSolution
		HideSolutionNode = FALSE
	EndGlobalSection
	GlobalSection(NestedProjects) = preSolution
		{DA481A2A-2AD7-4FA7-BFB0-E54E4F0E453B} = {134068EF-4129-4774-A5F8-DF6866DFE09D}
		{254E0823-C54F-4D93-8F4B-0B3BBAC09649} = {134068EF-4129-4774-A5F8-DF6866DFE09D}
	EndGlobalSection
	GlobalSection(ExtensibilityGlobals) = postSolution
		SolutionGuid = {A0910E35-5D5D-4178-81BD-44C330BE8FD5}
	EndGlobalSection
EndGlobal
